Microsoft Visual Studio Solution File, Format Version 12.00
# Visual Studio Version 17
VisualStudioVersion = 17.5.2.0
MinimumVisualStudioVersion = 10.0.40219.1
Project("{FAE04EC0-301F-11D3-BF4B-00C04F79EFBC}") = "ChessEngine", "ChessEngine.csproj", "{88F150CF-0E17-79A0-F9D4-387CE88D1E6C}"
EndProject
Global
	GlobalSection(SolutionConfigurationPlatforms) = preSolution
		Debug|Any CPU = Debug|Any CPU
		Release|Any CPU = Release|Any CPU
	EndGlobalSection
	GlobalSection(ProjectConfigurationPlatforms) = postSolution
		{88F150CF-0E17-79A0-F9D4-387CE88D1E6C}.Debug|Any CPU.ActiveCfg = Debug|Any CPU
		{88F150CF-0E17-79A0-F9D4-387CE88D1E6C}.Debug|Any CPU.Build.0 = Debug|Any CPU
		{88F150CF-0E17-79A0-F9D4-387CE88D1E6C}.Release|Any CPU.ActiveCfg = Release|Any CPU
		{88F150CF-0E17-79A0-F9D4-387CE88D1E6C}.Release|Any CPU.Build.0 = Release|Any CPU
	EndGlobalSection
	GlobalSection(SolutionProperties) = preSolution
		HideSolutionNode = FALSE
	EndGlobalSection
	GlobalSection(ExtensibilityGlobals) = postSolution
		SolutionGuid = {FEA68114-7397-405E-975A-3DD090329109}
	EndGlobalSection
EndGlobal
